
Microsoft Visual Studio Solution File, Format Version 12.00
# Visual Studio 2013
VisualStudioVersion = 12.0.30324.0
MinimumVisualStudioVersion = 10.0.40219.1
Project("{FAE04EC0-301F-11D3-BF4B-00C04F79EFBC}") = "ElTavo.RepositoryPattern.Dominio", "ElTavo.RepositoryPattern.Dominio\ElTavo.RepositoryPattern.Dominio.csproj", "{1CB54EEF-B6E2-4D9E-A690-1183445A4F6F}"
EndProject
Project("{2150E333-8FDC-42A3-9474-1A3956D46DE8}") = "Dominio", "Dominio", "{04331EEC-FDF5-4F46-9391-A62011F531CC}"
EndProject
Project("{2150E333-8FDC-42A3-9474-1A3956D46DE8}") = "Repositorios", "Repositorios", "{7F0FFC32-F4C1-4C2C-BFA3-905119603385}"
EndProject
Project("{FAE04EC0-301F-11D3-BF4B-00C04F79EFBC}") = "ElTavo.RepositoryPattern.SqlRepository", "ElTavo.RepositoryPattern.SqlRepository\ElTavo.RepositoryPattern.SqlRepository.csproj", "{AC601F08-3E87-407D-8899-EDDB315C6C42}"
EndProject
Project("{FAE04EC0-301F-11D3-BF4B-00C04F79EFBC}") = "ElTavo.RepositoryPattern.MongoRepository", "ElTavo.RepositoryPattern.MongoRepository\ElTavo.RepositoryPattern.MongoRepository.csproj", "{98618E79-C925-45B9-B8EF-B21D30EDC0D3}"
EndProject
Project("{FAE04EC0-301F-11D3-BF4B-00C04F79EFBC}") = "ElTavo.RepositoryPattern.ApiRepository", "ElTavo.RepositoryPattern.ApiRepository\ElTavo.RepositoryPattern.ApiRepository.csproj", "{25CFAD1F-17CE-4497-88FB-0F761B25E9E3}"
EndProject
Project("{2150E333-8FDC-42A3-9474-1A3956D46DE8}") = "Cliente Web", "Cliente Web", "{56E509EA-7F60-4BFD-9D84-9BA04E117C87}"
EndProject
Project("{FAE04EC0-301F-11D3-BF4B-00C04F79EFBC}") = "ElTavo.RepositoryPattern.ClienteWeb.LogicaNegocio", "ElTavo.RepositoryPattern.ClienteWeb.LogicaNegocio\ElTavo.RepositoryPattern.ClienteWeb.LogicaNegocio.csproj", "{CA874BC0-CC6D-433D-8D0F-9B64B083A6AE}"
EndProject
Project("{FAE04EC0-301F-11D3-BF4B-00C04F79EFBC}") = "ElTavo.RepositoryPattern.ClienteWeb", "ElTavo.RepositoryPattern.ClienteWeb\ElTavo.RepositoryPattern.ClienteWeb.csproj", "{3C0258FF-6CC6-46C7-B4A4-A04E93A55917}"
EndProject
Project("{FAE04EC0-301F-11D3-BF4B-00C04F79EFBC}") = "ElTavo.RepositoryPattern.Contrato", "ElTavo.RepositoryPattern.Contrato\ElTavo.RepositoryPattern.Contrato.csproj", "{A812E3A8-D95E-462C-8B31-A0576CA2AD1D}"
EndProject
Global
	GlobalSection(SolutionConfigurationPlatforms) = preSolution
		Debug|Any CPU = Debug|Any CPU
		Release|Any CPU = Release|Any CPU
	EndGlobalSection
	GlobalSection(ProjectConfigurationPlatforms) = postSolution
		{1CB54EEF-B6E2-4D9E-A690-1183445A4F6F}.Debug|Any CPU.ActiveCfg = Debug|Any CPU
		{1CB54EEF-B6E2-4D9E-A690-1183445A4F6F}.Debug|Any CPU.Build.0 = Debug|Any CPU
		{1CB54EEF-B6E2-4D9E-A690-1183445A4F6F}.Release|Any CPU.ActiveCfg = Release|Any CPU
		{1CB54EEF-B6E2-4D9E-A690-1183445A4F6F}.Release|Any CPU.Build.0 = Release|Any CPU
		{AC601F08-3E87-407D-8899-EDDB315C6C42}.Debug|Any CPU.ActiveCfg = Debug|Any CPU
		{AC601F08-3E87-407D-8899-EDDB315C6C42}.Debug|Any CPU.Build.0 = Debug|Any CPU
		{AC601F08-3E87-407D-8899-EDDB315C6C42}.Release|Any CPU.ActiveCfg = Release|Any CPU
		{AC601F08-3E87-407D-8899-EDDB315C6C42}.Release|Any CPU.Build.0 = Release|Any CPU
		{98618E79-C925-45B9-B8EF-B21D30EDC0D3}.Debug|Any CPU.ActiveCfg = Debug|Any CPU
		{98618E79-C925-45B9-B8EF-B21D30EDC0D3}.Debug|Any CPU.Build.0 = Debug|Any CPU
		{98618E79-C925-45B9-B8EF-B21D30EDC0D3}.Release|Any CPU.ActiveCfg = Release|Any CPU
		{98618E79-C925-45B9-B8EF-B21D30EDC0D3}.Release|Any CPU.Build.0 = Release|Any CPU
		{25CFAD1F-17CE-4497-88FB-0F761B25E9E3}.Debug|Any CPU.ActiveCfg = Debug|Any CPU
		{25CFAD1F-17CE-4497-88FB-0F761B25E9E3}.Debug|Any CPU.Build.0 = Debug|Any CPU
		{25CFAD1F-17CE-4497-88FB-0F761B25E9E3}.Release|Any CPU.ActiveCfg = Release|Any CPU
		{25CFAD1F-17CE-4497-88FB-0F761B25E9E3}.Release|Any CPU.Build.0 = Release|Any CPU
		{CA874BC0-CC6D-433D-8D0F-9B64B083A6AE}.Debug|Any CPU.ActiveCfg = Debug|Any CPU
		{CA874BC0-CC6D-433D-8D0F-9B64B083A6AE}.Debug|Any CPU.Build.0 = Debug|Any CPU
		{CA874BC0-CC6D-433D-8D0F-9B64B083A6AE}.Release|Any CPU.ActiveCfg = Release|Any CPU
		{CA874BC0-CC6D-433D-8D0F-9B64B083A6AE}.Release|Any CPU.Build.0 = Release|Any CPU
		{3C0258FF-6CC6-46C7-B4A4-A04E93A55917}.Debug|Any CPU.ActiveCfg = Debug|Any CPU
		{3C0258FF-6CC6-46C7-B4A4-A04E93A55917}.Debug|Any CPU.Build.0 = Debug|Any CPU
		{3C0258FF-6CC6-46C7-B4A4-A04E93A55917}.Release|Any CPU.ActiveCfg = Release|Any CPU
		{3C0258FF-6CC6-46C7-B4A4-A04E93A55917}.Release|Any CPU.Build.0 = Release|Any CPU
		{A812E3A8-D95E-462C-8B31-A0576CA2AD1D}.Debug|Any CPU.ActiveCfg = Debug|Any CPU
		{A812E3A8-D95E-462C-8B31-A0576CA2AD1D}.Debug|Any CPU.Build.0 = Debug|Any CPU
		{A812E3A8-D95E-462C-8B31-A0576CA2AD1D}.Release|Any CPU.ActiveCfg = Release|Any CPU
		{A812E3A8-D95E-462C-8B31-A0576CA2AD1D}.Release|Any CPU.Build.0 = Release|Any CPU
	EndGlobalSection
	GlobalSection(SolutionProperties) = preSolution
		HideSolutionNode = FALSE
	EndGlobalSection
	GlobalSection(NestedProjects) = preSolution
		{1CB54EEF-B6E2-4D9E-A690-1183445A4F6F} = {04331EEC-FDF5-4F46-9391-A62011F531CC}
		{AC601F08-3E87-407D-8899-EDDB315C6C42} = {7F0FFC32-F4C1-4C2C-BFA3-905119603385}
		{98618E79-C925-45B9-B8EF-B21D30EDC0D3} = {7F0FFC32-F4C1-4C2C-BFA3-905119603385}
		{25CFAD1F-17CE-4497-88FB-0F761B25E9E3} = {7F0FFC32-F4C1-4C2C-BFA3-905119603385}
		{CA874BC0-CC6D-433D-8D0F-9B64B083A6AE} = {56E509EA-7F60-4BFD-9D84-9BA04E117C87}
		{3C0258FF-6CC6-46C7-B4A4-A04E93A55917} = {56E509EA-7F60-4BFD-9D84-9BA04E117C87}
		{A812E3A8-D95E-462C-8B31-A0576CA2AD1D} = {7F0FFC32-F4C1-4C2C-BFA3-905119603385}
	EndGlobalSection
EndGlobal
